
Microsoft Visual Studio Solution File, Format Version 12.00
# Visual Studio Version 16
VisualStudioVersion = 16.0.31424.327
MinimumVisualStudioVersion = 10.0.40219.1
Project("{9A19103F-16F7-4668-BE54-9A1E7A4F7556}") = "ECollectionApp.WebUI", "src\ECollectionApp.WebUI\ECollectionApp.WebUI.csproj", "{45C62FF5-2677-481D-A00A-D37D136440B6}"
EndProject
Project("{9A19103F-16F7-4668-BE54-9A1E7A4F7556}") = "ECollectionApp.CollectionService", "src\ECollectionApp.CollectionService\ECollectionApp.CollectionService.csproj", "{65A5EF46-B89C-4B4A-BA22-04AA7E6B1184}"
EndProject
Project("{9A19103F-16F7-4668-BE54-9A1E7A4F7556}") = "ECollectionApp.GatewayApi", "src\ECollectionApp.GateawayApi\ECollectionApp.GatewayApi.csproj", "{9E2274BA-BED2-4CB1-BA04-869B2F1D6C49}"
EndProject
Project("{9A19103F-16F7-4668-BE54-9A1E7A4F7556}") = "ECollectionApp.TagService", "src\ECollectionApp.TagService\ECollectionApp.TagService.csproj", "{7FC7B31F-8329-4430-B266-5CF498295457}"
EndProject
Project("{9A19103F-16F7-4668-BE54-9A1E7A4F7556}") = "ECollectionApp.AspNetCore.Microservice", "src\ECollectionApp.AspNetCore.Extensions\ECollectionApp.AspNetCore.Microservice.csproj", "{971993A4-5749-4868-B9A1-0D5E55BDEE6C}"
EndProject
Project("{9A19103F-16F7-4668-BE54-9A1E7A4F7556}") = "ECollectionApp.CollectionGroupService", "src\ECollectionApp.CollectionGroupService\ECollectionApp.CollectionGroupService.csproj", "{6316DD53-E9F2-4EDC-A842-8F7781389C90}"
EndProject
Project("{9A19103F-16F7-4668-BE54-9A1E7A4F7556}") = "ECollectionApp.AspNetCore.Serialization", "src\ECollectionApp.AspNetCore.Serialization\ECollectionApp.AspNetCore.Serialization.csproj", "{F46222CB-7B63-4130-8D47-9F2F992950BC}"
EndProject
Project("{9A19103F-16F7-4668-BE54-9A1E7A4F7556}") = "ECollectionApp.AspNetCore.Patch", "src\ECollectionApp.AspNetCore.Patch\ECollectionApp.AspNetCore.Patch.csproj", "{D07A1257-80C8-4AB3-8EA5-DD521EF7DC45}"
EndProject
Project("{FAE04EC0-301F-11D3-BF4B-00C04F79EFBC}") = "ECollectionApp.CollectionGroupService.Messaging", "src\ECollectionApp.CollectionGroupService.Messaging\ECollectionApp.CollectionGroupService.Messaging.csproj", "{147A3C73-68E4-43BC-A9DE-5817988B4070}"
EndProject
Global
	GlobalSection(SolutionConfigurationPlatforms) = preSolution
		Debug|Any CPU = Debug|Any CPU
		Release|Any CPU = Release|Any CPU
	EndGlobalSection
	GlobalSection(ProjectConfigurationPlatforms) = postSolution
		{45C62FF5-2677-481D-A00A-D37D136440B6}.Debug|Any CPU.ActiveCfg = Debug|Any CPU
		{45C62FF5-2677-481D-A00A-D37D136440B6}.Debug|Any CPU.Build.0 = Debug|Any CPU
		{45C62FF5-2677-481D-A00A-D37D136440B6}.Release|Any CPU.ActiveCfg = Release|Any CPU
		{45C62FF5-2677-481D-A00A-D37D136440B6}.Release|Any CPU.Build.0 = Release|Any CPU
		{65A5EF46-B89C-4B4A-BA22-04AA7E6B1184}.Debug|Any CPU.ActiveCfg = Debug|Any CPU
		{65A5EF46-B89C-4B4A-BA22-04AA7E6B1184}.Debug|Any CPU.Build.0 = Debug|Any CPU
		{65A5EF46-B89C-4B4A-BA22-04AA7E6B1184}.Release|Any CPU.ActiveCfg = Release|Any CPU
		{65A5EF46-B89C-4B4A-BA22-04AA7E6B1184}.Release|Any CPU.Build.0 = Release|Any CPU
		{9E2274BA-BED2-4CB1-BA04-869B2F1D6C49}.Debug|Any CPU.ActiveCfg = Debug|Any CPU
		{9E2274BA-BED2-4CB1-BA04-869B2F1D6C49}.Debug|Any CPU.Build.0 = Debug|Any CPU
		{9E2274BA-BED2-4CB1-BA04-869B2F1D6C49}.Release|Any CPU.ActiveCfg = Release|Any CPU
		{9E2274BA-BED2-4CB1-BA04-869B2F1D6C49}.Release|Any CPU.Build.0 = Release|Any CPU
		{7FC7B31F-8329-4430-B266-5CF498295457}.Debug|Any CPU.ActiveCfg = Debug|Any CPU
		{7FC7B31F-8329-4430-B266-5CF498295457}.Debug|Any CPU.Build.0 = Debug|Any CPU
		{7FC7B31F-8329-4430-B266-5CF498295457}.Release|Any CPU.ActiveCfg = Release|Any CPU
		{7FC7B31F-8329-4430-B266-5CF498295457}.Release|Any CPU.Build.0 = Release|Any CPU
		{971993A4-5749-4868-B9A1-0D5E55BDEE6C}.Debug|Any CPU.ActiveCfg = Debug|Any CPU
		{971993A4-5749-4868-B9A1-0D5E55BDEE6C}.Debug|Any CPU.Build.0 = Debug|Any CPU
		{971993A4-5749-4868-B9A1-0D5E55BDEE6C}.Release|Any CPU.ActiveCfg = Release|Any CPU
		{971993A4-5749-4868-B9A1-0D5E55BDEE6C}.Release|Any CPU.Build.0 = Release|Any CPU
		{6316DD53-E9F2-4EDC-A842-8F7781389C90}.Debug|Any CPU.ActiveCfg = Debug|Any CPU
		{6316DD53-E9F2-4EDC-A842-8F7781389C90}.Debug|Any CPU.Build.0 = Debug|Any CPU
		{6316DD53-E9F2-4EDC-A842-8F7781389C90}.Release|Any CPU.ActiveCfg = Release|Any CPU
		{6316DD53-E9F2-4EDC-A842-8F7781389C90}.Release|Any CPU.Build.0 = Release|Any CPU
		{F46222CB-7B63-4130-8D47-9F2F992950BC}.Debug|Any CPU.ActiveCfg = Debug|Any CPU
		{F46222CB-7B63-4130-8D47-9F2F992950BC}.Debug|Any CPU.Build.0 = Debug|Any CPU
		{F46222CB-7B63-4130-8D47-9F2F992950BC}.Release|Any CPU.ActiveCfg = Release|Any CPU
		{F46222CB-7B63-4130-8D47-9F2F992950BC}.Release|Any CPU.Build.0 = Release|Any CPU
		{D07A1257-80C8-4AB3-8EA5-DD521EF7DC45}.Debug|Any CPU.ActiveCfg = Debug|Any CPU
		{D07A1257-80C8-4AB3-8EA5-DD521EF7DC45}.Debug|Any CPU.Build.0 = Debug|Any CPU
		{D07A1257-80C8-4AB3-8EA5-DD521EF7DC45}.Release|Any CPU.ActiveCfg = Release|Any CPU
		{D07A1257-80C8-4AB3-8EA5-DD521EF7DC45}.Release|Any CPU.Build.0 = Release|Any CPU
		{147A3C73-68E4-43BC-A9DE-5817988B4070}.Debug|Any CPU.ActiveCfg = Debug|Any CPU
		{147A3C73-68E4-43BC-A9DE-5817988B4070}.Debug|Any CPU.Build.0 = Debug|Any CPU
		{147A3C73-68E4-43BC-A9DE-5817988B4070}.Release|Any CPU.ActiveCfg = Release|Any CPU
		{147A3C73-68E4-43BC-A9DE-5817988B4070}.Release|Any CPU.Build.0 = Release|Any CPU
	EndGlobalSection
	GlobalSection(SolutionProperties) = preSolution
		HideSolutionNode = FALSE
	EndGlobalSection
	GlobalSection(ExtensibilityGlobals) = postSolution
		SolutionGuid = {A9079E1A-86DB-4026-A64E-61B5B00A2AD0}
	EndGlobalSection
EndGlobal
